// !$*UTF8*$!
{
	archiveVersion = 1;
	classes = {
	};
	objectVersion = 56;
	objects = {

/* Begin PBXBuildFile section */
		63443C7A2BBAB441003B2EDF /* SearchSheetView.swift in Sources */ = {isa = PBXBuildFile; fileRef = 63443C792BBAB441003B2EDF /* SearchSheetView.swift */; };
		63C1FEF72BB9470B007F6FCA /* Trabell_Mini_Project_1App.swift in Sources */ = {isa = PBXBuildFile; fileRef = 63C1FEF62BB9470B007F6FCA /* Trabell_Mini_Project_1App.swift */; };
		63C1FEF92BB9470B007F6FCA /* SplashView.swift in Sources */ = {isa = PBXBuildFile; fileRef = 63C1FEF82BB9470B007F6FCA /* SplashView.swift */; };
		63C1FEFD2BB9470C007F6FCA /* Assets.xcassets in Resources */ = {isa = PBXBuildFile; fileRef = 63C1FEFC2BB9470C007F6FCA /* Assets.xcassets */; };
		63C1FF002BB9470C007F6FCA /* Preview Assets.xcassets in Resources */ = {isa = PBXBuildFile; fileRef = 63C1FEFF2BB9470C007F6FCA /* Preview Assets.xcassets */; };
		63C1FF0A2BB9470C007F6FCA /* Trabell_Mini_Project_1Tests.swift in Sources */ = {isa = PBXBuildFile; fileRef = 63C1FF092BB9470C007F6FCA /* Trabell_Mini_Project_1Tests.swift */; };
		63C1FF142BB9470C007F6FCA /* Trabell_Mini_Project_1UITests.swift in Sources */ = {isa = PBXBuildFile; fileRef = 63C1FF132BB9470C007F6FCA /* Trabell_Mini_Project_1UITests.swift */; };
		63C1FF162BB9470C007F6FCA /* Trabell_Mini_Project_1UITestsLaunchTests.swift in Sources */ = {isa = PBXBuildFile; fileRef = 63C1FF152BB9470C007F6FCA /* Trabell_Mini_Project_1UITestsLaunchTests.swift */; };
		958137B62BBCE4A800F71B37 /* HomeView.swift in Sources */ = {isa = PBXBuildFile; fileRef = 958137B52BBCE4A800F71B37 /* HomeView.swift */; };
		FB4CC8632BBA6B28003D2D4C /* .gitignore in Resources */ = {isa = PBXBuildFile; fileRef = FB4CC8622BBA6B28003D2D4C /* .gitignore */; };
		FBE54B272BBBBD3F000724B0 /* Color.swift in Sources */ = {isa = PBXBuildFile; fileRef = FBE54B262BBBBD3F000724B0 /* Color.swift */; };
		FBE54B292BBBBDDD000724B0 /* ReminderSheetView.swift in Sources */ = {isa = PBXBuildFile; fileRef = FBE54B282BBBBDDD000724B0 /* ReminderSheetView.swift */; };
		FBE54B2C2BBBBDED000724B0 /* StepperView in Frameworks */ = {isa = PBXBuildFile; productRef = FBE54B2B2BBBBDED000724B0 /* StepperView */; };
		FBE54B2F2BBBBE6D000724B0 /* StationModel.swift in Sources */ = {isa = PBXBuildFile; fileRef = FBE54B2E2BBBBE6D000724B0 /* StationModel.swift */; };
		FBE54B322BBBBF4D000724B0 /* StepperComponents.swift in Sources */ = {isa = PBXBuildFile; fileRef = FBE54B312BBBBF4D000724B0 /* StepperComponents.swift */; };
		FBE54B372BBBC40D000724B0 /* LocationUtils.swift in Sources */ = {isa = PBXBuildFile; fileRef = FBE54B362BBBC40D000724B0 /* LocationUtils.swift */; };
		FBE54B392BBBC92E000724B0 /* ReminderModel.swift in Sources */ = {isa = PBXBuildFile; fileRef = FBE54B382BBBC92E000724B0 /* ReminderModel.swift */; };
		FBE54B3B2BBBD06A000724B0 /* DataStation.swift in Sources */ = {isa = PBXBuildFile; fileRef = FBE54B3A2BBBD06A000724B0 /* DataStation.swift */; };
		FBE54B3D2BBBD650000724B0 /* MainView.swift in Sources */ = {isa = PBXBuildFile; fileRef = FBE54B3C2BBBD650000724B0 /* MainView.swift */; };
		FBE54B3F2BBC38AD000724B0 /* StationUtils.swift in Sources */ = {isa = PBXBuildFile; fileRef = FBE54B3E2BBC38AD000724B0 /* StationUtils.swift */; };
		FBE54B412BBC77FA000724B0 /* SearchItemComponent.swift in Sources */ = {isa = PBXBuildFile; fileRef = FBE54B402BBC77FA000724B0 /* SearchItemComponent.swift */; };
		FBE54B432BBC7891000724B0 /* ButtonPopulerStationComponent.swift in Sources */ = {isa = PBXBuildFile; fileRef = FBE54B422BBC7891000724B0 /* ButtonPopulerStationComponent.swift */; };
/* End PBXBuildFile section */

/* Begin PBXContainerItemProxy section */
		63C1FF062BB9470C007F6FCA /* PBXContainerItemProxy */ = {
			isa = PBXContainerItemProxy;
			containerPortal = 63C1FEEB2BB9470B007F6FCA /* Project object */;
			proxyType = 1;
			remoteGlobalIDString = 63C1FEF22BB9470B007F6FCA;
			remoteInfo = "Trabell_Mini Project 1";
		};
		63C1FF102BB9470C007F6FCA /* PBXContainerItemProxy */ = {
			isa = PBXContainerItemProxy;
			containerPortal = 63C1FEEB2BB9470B007F6FCA /* Project object */;
			proxyType = 1;
			remoteGlobalIDString = 63C1FEF22BB9470B007F6FCA;
			remoteInfo = "Trabell_Mini Project 1";
		};
/* End PBXContainerItemProxy section */

/* Begin PBXFileReference section */
		63443C792BBAB441003B2EDF /* SearchSheetView.swift */ = {isa = PBXFileReference; lastKnownFileType = sourcecode.swift; path = SearchSheetView.swift; sourceTree = "<group>"; };
		63C1FEF32BB9470B007F6FCA /* Trabell_Mini Project 1.app */ = {isa = PBXFileReference; explicitFileType = wrapper.application; includeInIndex = 0; path = "Trabell_Mini Project 1.app"; sourceTree = BUILT_PRODUCTS_DIR; };
		63C1FEF62BB9470B007F6FCA /* Trabell_Mini_Project_1App.swift */ = {isa = PBXFileReference; lastKnownFileType = sourcecode.swift; path = Trabell_Mini_Project_1App.swift; sourceTree = "<group>"; };
		63C1FEF82BB9470B007F6FCA /* SplashView.swift */ = {isa = PBXFileReference; lastKnownFileType = sourcecode.swift; path = SplashView.swift; sourceTree = "<group>"; };
		63C1FEFC2BB9470C007F6FCA /* Assets.xcassets */ = {isa = PBXFileReference; lastKnownFileType = folder.assetcatalog; path = Assets.xcassets; sourceTree = "<group>"; };
		63C1FEFF2BB9470C007F6FCA /* Preview Assets.xcassets */ = {isa = PBXFileReference; lastKnownFileType = folder.assetcatalog; path = "Preview Assets.xcassets"; sourceTree = "<group>"; };
		63C1FF052BB9470C007F6FCA /* Trabell_Mini Project 1Tests.xctest */ = {isa = PBXFileReference; explicitFileType = wrapper.cfbundle; includeInIndex = 0; path = "Trabell_Mini Project 1Tests.xctest"; sourceTree = BUILT_PRODUCTS_DIR; };
		63C1FF092BB9470C007F6FCA /* Trabell_Mini_Project_1Tests.swift */ = {isa = PBXFileReference; lastKnownFileType = sourcecode.swift; path = Trabell_Mini_Project_1Tests.swift; sourceTree = "<group>"; };
		63C1FF0F2BB9470C007F6FCA /* Trabell_Mini Project 1UITests.xctest */ = {isa = PBXFileReference; explicitFileType = wrapper.cfbundle; includeInIndex = 0; path = "Trabell_Mini Project 1UITests.xctest"; sourceTree = BUILT_PRODUCTS_DIR; };
		63C1FF132BB9470C007F6FCA /* Trabell_Mini_Project_1UITests.swift */ = {isa = PBXFileReference; lastKnownFileType = sourcecode.swift; path = Trabell_Mini_Project_1UITests.swift; sourceTree = "<group>"; };
		63C1FF152BB9470C007F6FCA /* Trabell_Mini_Project_1UITestsLaunchTests.swift */ = {isa = PBXFileReference; lastKnownFileType = sourcecode.swift; path = Trabell_Mini_Project_1UITestsLaunchTests.swift; sourceTree = "<group>"; };
		958137B52BBCE4A800F71B37 /* HomeView.swift */ = {isa = PBXFileReference; lastKnownFileType = sourcecode.swift; path = HomeView.swift; sourceTree = "<group>"; };
		FB4CC8622BBA6B28003D2D4C /* .gitignore */ = {isa = PBXFileReference; lastKnownFileType = text; path = .gitignore; sourceTree = "<group>"; };
		FBE54B262BBBBD3F000724B0 /* Color.swift */ = {isa = PBXFileReference; lastKnownFileType = sourcecode.swift; path = Color.swift; sourceTree = "<group>"; };
		FBE54B282BBBBDDD000724B0 /* ReminderSheetView.swift */ = {isa = PBXFileReference; lastKnownFileType = sourcecode.swift; path = ReminderSheetView.swift; sourceTree = "<group>"; };
		FBE54B2E2BBBBE6D000724B0 /* StationModel.swift */ = {isa = PBXFileReference; lastKnownFileType = sourcecode.swift; path = StationModel.swift; sourceTree = "<group>"; };
		FBE54B312BBBBF4D000724B0 /* StepperComponents.swift */ = {isa = PBXFileReference; lastKnownFileType = sourcecode.swift; path = StepperComponents.swift; sourceTree = "<group>"; };
		FBE54B362BBBC40D000724B0 /* LocationUtils.swift */ = {isa = PBXFileReference; lastKnownFileType = sourcecode.swift; path = LocationUtils.swift; sourceTree = "<group>"; };
		FBE54B382BBBC92E000724B0 /* ReminderModel.swift */ = {isa = PBXFileReference; lastKnownFileType = sourcecode.swift; path = ReminderModel.swift; sourceTree = "<group>"; };
		FBE54B3A2BBBD06A000724B0 /* DataStation.swift */ = {isa = PBXFileReference; lastKnownFileType = sourcecode.swift; path = DataStation.swift; sourceTree = "<group>"; };
		FBE54B3C2BBBD650000724B0 /* MainView.swift */ = {isa = PBXFileReference; lastKnownFileType = sourcecode.swift; path = MainView.swift; sourceTree = "<group>"; };
		FBE54B3E2BBC38AD000724B0 /* StationUtils.swift */ = {isa = PBXFileReference; lastKnownFileType = sourcecode.swift; path = StationUtils.swift; sourceTree = "<group>"; };
		FBE54B402BBC77FA000724B0 /* SearchItemComponent.swift */ = {isa = PBXFileReference; lastKnownFileType = sourcecode.swift; path = SearchItemComponent.swift; sourceTree = "<group>"; };
		FBE54B422BBC7891000724B0 /* ButtonPopulerStationComponent.swift */ = {isa = PBXFileReference; lastKnownFileType = sourcecode.swift; path = ButtonPopulerStationComponent.swift; sourceTree = "<group>"; };
		FBE54B442BBC87F2000724B0 /* Trabell-Mini-Project-1-Info.plist */ = {isa = PBXFileReference; lastKnownFileType = text.plist; path = "Trabell-Mini-Project-1-Info.plist"; sourceTree = SOURCE_ROOT; };
/* End PBXFileReference section */

/* Begin PBXFrameworksBuildPhase section */
		63C1FEF02BB9470B007F6FCA /* Frameworks */ = {
			isa = PBXFrameworksBuildPhase;
			buildActionMask = 2147483647;
			files = (
				FBE54B2C2BBBBDED000724B0 /* StepperView in Frameworks */,
			);
			runOnlyForDeploymentPostprocessing = 0;
		};
		63C1FF022BB9470C007F6FCA /* Frameworks */ = {
			isa = PBXFrameworksBuildPhase;
			buildActionMask = 2147483647;
			files = (
			);
			runOnlyForDeploymentPostprocessing = 0;
		};
		63C1FF0C2BB9470C007F6FCA /* Frameworks */ = {
			isa = PBXFrameworksBuildPhase;
			buildActionMask = 2147483647;
			files = (
			);
			runOnlyForDeploymentPostprocessing = 0;
		};
/* End PBXFrameworksBuildPhase section */

/* Begin PBXGroup section */
		63C1FEEA2BB9470B007F6FCA = {
			isa = PBXGroup;
			children = (
				FB4CC8622BBA6B28003D2D4C /* .gitignore */,
				63C1FEF52BB9470B007F6FCA /* Trabell_Mini Project 1 */,
				63C1FF082BB9470C007F6FCA /* Trabell_Mini Project 1Tests */,
				63C1FF122BB9470C007F6FCA /* Trabell_Mini Project 1UITests */,
				63C1FEF42BB9470B007F6FCA /* Products */,
			);
			sourceTree = "<group>";
		};
		63C1FEF42BB9470B007F6FCA /* Products */ = {
			isa = PBXGroup;
			children = (
				63C1FEF32BB9470B007F6FCA /* Trabell_Mini Project 1.app */,
				63C1FF052BB9470C007F6FCA /* Trabell_Mini Project 1Tests.xctest */,
				63C1FF0F2BB9470C007F6FCA /* Trabell_Mini Project 1UITests.xctest */,
			);
			name = Products;
			sourceTree = "<group>";
		};
		63C1FEF52BB9470B007F6FCA /* Trabell_Mini Project 1 */ = {
			isa = PBXGroup;
			children = (
				FBE54B442BBC87F2000724B0 /* Trabell-Mini-Project-1-Info.plist */,
				FBE54B2D2BBBBE55000724B0 /* Models */,
				FBE54B252BBBBD27000724B0 /* Utils */,
				FBE54B242BBBBCF4000724B0 /* Views */,
				63C1FEF62BB9470B007F6FCA /* Trabell_Mini_Project_1App.swift */,
				63C1FEFC2BB9470C007F6FCA /* Assets.xcassets */,
				63C1FEFE2BB9470C007F6FCA /* Preview Content */,
			);
			path = "Trabell_Mini Project 1";
			sourceTree = "<group>";
		};
		63C1FEFE2BB9470C007F6FCA /* Preview Content */ = {
			isa = PBXGroup;
			children = (
				63C1FEFF2BB9470C007F6FCA /* Preview Assets.xcassets */,
			);
			path = "Preview Content";
			sourceTree = "<group>";
		};
		63C1FF082BB9470C007F6FCA /* Trabell_Mini Project 1Tests */ = {
			isa = PBXGroup;
			children = (
				63C1FF092BB9470C007F6FCA /* Trabell_Mini_Project_1Tests.swift */,
			);
			path = "Trabell_Mini Project 1Tests";
			sourceTree = "<group>";
		};
		63C1FF122BB9470C007F6FCA /* Trabell_Mini Project 1UITests */ = {
			isa = PBXGroup;
			children = (
				63C1FF132BB9470C007F6FCA /* Trabell_Mini_Project_1UITests.swift */,
				63C1FF152BB9470C007F6FCA /* Trabell_Mini_Project_1UITestsLaunchTests.swift */,
			);
			path = "Trabell_Mini Project 1UITests";
			sourceTree = "<group>";
		};
		FBE54B242BBBBCF4000724B0 /* Views */ = {
			isa = PBXGroup;
			children = (
				FBE54B302BBBBF2C000724B0 /* Components */,
				63C1FEF82BB9470B007F6FCA /* SplashView.swift */,
				63443C792BBAB441003B2EDF /* SearchSheetView.swift */,
				FBE54B282BBBBDDD000724B0 /* ReminderSheetView.swift */,
				FBE54B3C2BBBD650000724B0 /* MainView.swift */,
				958137B52BBCE4A800F71B37 /* HomeView.swift */,
			);
			path = Views;
			sourceTree = "<group>";
		};
		FBE54B252BBBBD27000724B0 /* Utils */ = {
			isa = PBXGroup;
			children = (
				FBE54B262BBBBD3F000724B0 /* Color.swift */,
				FBE54B362BBBC40D000724B0 /* LocationUtils.swift */,
				FBE54B3E2BBC38AD000724B0 /* StationUtils.swift */,
			);
			path = Utils;
			sourceTree = "<group>";
		};
		FBE54B2D2BBBBE55000724B0 /* Models */ = {
			isa = PBXGroup;
			children = (
				FBE54B2E2BBBBE6D000724B0 /* StationModel.swift */,
				FBE54B382BBBC92E000724B0 /* ReminderModel.swift */,
				FBE54B3A2BBBD06A000724B0 /* DataStation.swift */,
			);
			path = Models;
			sourceTree = "<group>";
		};
		FBE54B302BBBBF2C000724B0 /* Components */ = {
			isa = PBXGroup;
			children = (
				FBE54B312BBBBF4D000724B0 /* StepperComponents.swift */,
				FBE54B402BBC77FA000724B0 /* SearchItemComponent.swift */,
				FBE54B422BBC7891000724B0 /* ButtonPopulerStationComponent.swift */,
			);
			path = Components;
			sourceTree = "<group>";
		};
/* End PBXGroup section */

/* Begin PBXNativeTarget section */
		63C1FEF22BB9470B007F6FCA /* Trabell_Mini Project 1 */ = {
			isa = PBXNativeTarget;
			buildConfigurationList = 63C1FF192BB9470C007F6FCA /* Build configuration list for PBXNativeTarget "Trabell_Mini Project 1" */;
			buildPhases = (
				63C1FEEF2BB9470B007F6FCA /* Sources */,
				63C1FEF02BB9470B007F6FCA /* Frameworks */,
				63C1FEF12BB9470B007F6FCA /* Resources */,
			);
			buildRules = (
			);
			dependencies = (
			);
			name = "Trabell_Mini Project 1";
			packageProductDependencies = (
				FBE54B2B2BBBBDED000724B0 /* StepperView */,
			);
			productName = "Trabell_Mini Project 1";
			productReference = 63C1FEF32BB9470B007F6FCA /* Trabell_Mini Project 1.app */;
			productType = "com.apple.product-type.application";
		};
		63C1FF042BB9470C007F6FCA /* Trabell_Mini Project 1Tests */ = {
			isa = PBXNativeTarget;
			buildConfigurationList = 63C1FF1C2BB9470C007F6FCA /* Build configuration list for PBXNativeTarget "Trabell_Mini Project 1Tests" */;
			buildPhases = (
				63C1FF012BB9470C007F6FCA /* Sources */,
				63C1FF022BB9470C007F6FCA /* Frameworks */,
				63C1FF032BB9470C007F6FCA /* Resources */,
			);
			buildRules = (
			);
			dependencies = (
				63C1FF072BB9470C007F6FCA /* PBXTargetDependency */,
			);
			name = "Trabell_Mini Project 1Tests";
			productName = "Trabell_Mini Project 1Tests";
			productReference = 63C1FF052BB9470C007F6FCA /* Trabell_Mini Project 1Tests.xctest */;
			productType = "com.apple.product-type.bundle.unit-test";
		};
		63C1FF0E2BB9470C007F6FCA /* Trabell_Mini Project 1UITests */ = {
			isa = PBXNativeTarget;
			buildConfigurationList = 63C1FF1F2BB9470C007F6FCA /* Build configuration list for PBXNativeTarget "Trabell_Mini Project 1UITests" */;
			buildPhases = (
				63C1FF0B2BB9470C007F6FCA /* Sources */,
				63C1FF0C2BB9470C007F6FCA /* Frameworks */,
				63C1FF0D2BB9470C007F6FCA /* Resources */,
			);
			buildRules = (
			);
			dependencies = (
				63C1FF112BB9470C007F6FCA /* PBXTargetDependency */,
			);
			name = "Trabell_Mini Project 1UITests";
			productName = "Trabell_Mini Project 1UITests";
			productReference = 63C1FF0F2BB9470C007F6FCA /* Trabell_Mini Project 1UITests.xctest */;
			productType = "com.apple.product-type.bundle.ui-testing";
		};
/* End PBXNativeTarget section */

/* Begin PBXProject section */
		63C1FEEB2BB9470B007F6FCA /* Project object */ = {
			isa = PBXProject;
			attributes = {
				BuildIndependentTargetsInParallel = 1;
				LastSwiftUpdateCheck = 1520;
				LastUpgradeCheck = 1520;
				TargetAttributes = {
					63C1FEF22BB9470B007F6FCA = {
						CreatedOnToolsVersion = 15.2;
					};
					63C1FF042BB9470C007F6FCA = {
						CreatedOnToolsVersion = 15.2;
						TestTargetID = 63C1FEF22BB9470B007F6FCA;
					};
					63C1FF0E2BB9470C007F6FCA = {
						CreatedOnToolsVersion = 15.2;
						TestTargetID = 63C1FEF22BB9470B007F6FCA;
					};
				};
			};
			buildConfigurationList = 63C1FEEE2BB9470B007F6FCA /* Build configuration list for PBXProject "Trabell_Mini Project 1" */;
			compatibilityVersion = "Xcode 14.0";
			developmentRegion = en;
			hasScannedForEncodings = 0;
			knownRegions = (
				en,
				Base,
			);
			mainGroup = 63C1FEEA2BB9470B007F6FCA;
			packageReferences = (
				FBE54B2A2BBBBDED000724B0 /* XCRemoteSwiftPackageReference "StepperView" */,
			);
			productRefGroup = 63C1FEF42BB9470B007F6FCA /* Products */;
			projectDirPath = "";
			projectRoot = "";
			targets = (
				63C1FEF22BB9470B007F6FCA /* Trabell_Mini Project 1 */,
				63C1FF042BB9470C007F6FCA /* Trabell_Mini Project 1Tests */,
				63C1FF0E2BB9470C007F6FCA /* Trabell_Mini Project 1UITests */,
			);
		};
/* End PBXProject section */

/* Begin PBXResourcesBuildPhase section */
		63C1FEF12BB9470B007F6FCA /* Resources */ = {
			isa = PBXResourcesBuildPhase;
			buildActionMask = 2147483647;
			files = (
				63C1FF002BB9470C007F6FCA /* Preview Assets.xcassets in Resources */,
				FB4CC8632BBA6B28003D2D4C /* .gitignore in Resources */,
				63C1FEFD2BB9470C007F6FCA /* Assets.xcassets in Resources */,
			);
			runOnlyForDeploymentPostprocessing = 0;
		};
		63C1FF032BB9470C007F6FCA /* Resources */ = {
			isa = PBXResourcesBuildPhase;
			buildActionMask = 2147483647;
			files = (
			);
			runOnlyForDeploymentPostprocessing = 0;
		};
		63C1FF0D2BB9470C007F6FCA /* Resources */ = {
			isa = PBXResourcesBuildPhase;
			buildActionMask = 2147483647;
			files = (
			);
			runOnlyForDeploymentPostprocessing = 0;
		};
/* End PBXResourcesBuildPhase section */

/* Begin PBXSourcesBuildPhase section */
		63C1FEEF2BB9470B007F6FCA /* Sources */ = {
			isa = PBXSourcesBuildPhase;
			buildActionMask = 2147483647;
			files = (
				FBE54B3B2BBBD06A000724B0 /* DataStation.swift in Sources */,
				FBE54B3D2BBBD650000724B0 /* MainView.swift in Sources */,
				FBE54B292BBBBDDD000724B0 /* ReminderSheetView.swift in Sources */,
				958137B62BBCE4A800F71B37 /* HomeView.swift in Sources */,
				63C1FEF92BB9470B007F6FCA /* SplashView.swift in Sources */,
				FBE54B3F2BBC38AD000724B0 /* StationUtils.swift in Sources */,
				FBE54B322BBBBF4D000724B0 /* StepperComponents.swift in Sources */,
				63C1FEF72BB9470B007F6FCA /* Trabell_Mini_Project_1App.swift in Sources */,
				FBE54B272BBBBD3F000724B0 /* Color.swift in Sources */,
				FBE54B432BBC7891000724B0 /* ButtonPopulerStationComponent.swift in Sources */,
				FBE54B412BBC77FA000724B0 /* SearchItemComponent.swift in Sources */,
				FBE54B372BBBC40D000724B0 /* LocationUtils.swift in Sources */,
				FBE54B392BBBC92E000724B0 /* ReminderModel.swift in Sources */,
				63443C7A2BBAB441003B2EDF /* SearchSheetView.swift in Sources */,
				FBE54B2F2BBBBE6D000724B0 /* StationModel.swift in Sources */,
			);
			runOnlyForDeploymentPostprocessing = 0;
		};
		63C1FF012BB9470C007F6FCA /* Sources */ = {
			isa = PBXSourcesBuildPhase;
			buildActionMask = 2147483647;
			files = (
				63C1FF0A2BB9470C007F6FCA /* Trabell_Mini_Project_1Tests.swift in Sources */,
			);
			runOnlyForDeploymentPostprocessing = 0;
		};
		63C1FF0B2BB9470C007F6FCA /* Sources */ = {
			isa = PBXSourcesBuildPhase;
			buildActionMask = 2147483647;
			files = (
				63C1FF162BB9470C007F6FCA /* Trabell_Mini_Project_1UITestsLaunchTests.swift in Sources */,
				63C1FF142BB9470C007F6FCA /* Trabell_Mini_Project_1UITests.swift in Sources */,
			);
			runOnlyForDeploymentPostprocessing = 0;
		};
/* End PBXSourcesBuildPhase section */

/* Begin PBXTargetDependency section */
		63C1FF072BB9470C007F6FCA /* PBXTargetDependency */ = {
			isa = PBXTargetDependency;
			target = 63C1FEF22BB9470B007F6FCA /* Trabell_Mini Project 1 */;
			targetProxy = 63C1FF062BB9470C007F6FCA /* PBXContainerItemProxy */;
		};
		63C1FF112BB9470C007F6FCA /* PBXTargetDependency */ = {
			isa = PBXTargetDependency;
			target = 63C1FEF22BB9470B007F6FCA /* Trabell_Mini Project 1 */;
			targetProxy = 63C1FF102BB9470C007F6FCA /* PBXContainerItemProxy */;
		};
/* End PBXTargetDependency section */

/* Begin XCBuildConfiguration section */
		63C1FF172BB9470C007F6FCA /* Debug */ = {
			isa = XCBuildConfiguration;
			buildSettings = {
				ALWAYS_SEARCH_USER_PATHS = NO;
				ASSETCATALOG_COMPILER_GENERATE_SWIFT_ASSET_SYMBOL_EXTENSIONS = YES;
				CLANG_ANALYZER_NONNULL = YES;
				CLANG_ANALYZER_NUMBER_OBJECT_CONVERSION = YES_AGGRESSIVE;
				CLANG_CXX_LANGUAGE_STANDARD = "gnu++20";
				CLANG_ENABLE_MODULES = YES;
				CLANG_ENABLE_OBJC_ARC = YES;
				CLANG_ENABLE_OBJC_WEAK = YES;
				CLANG_WARN_BLOCK_CAPTURE_AUTORELEASING = YES;
				CLANG_WARN_BOOL_CONVERSION = YES;
				CLANG_WARN_COMMA = YES;
				CLANG_WARN_CONSTANT_CONVERSION = YES;
				CLANG_WARN_DEPRECATED_OBJC_IMPLEMENTATIONS = YES;
				CLANG_WARN_DIRECT_OBJC_ISA_USAGE = YES_ERROR;
				CLANG_WARN_DOCUMENTATION_COMMENTS = YES;
				CLANG_WARN_EMPTY_BODY = YES;
				CLANG_WARN_ENUM_CONVERSION = YES;
				CLANG_WARN_INFINITE_RECURSION = YES;
				CLANG_WARN_INT_CONVERSION = YES;
				CLANG_WARN_NON_LITERAL_NULL_CONVERSION = YES;
				CLANG_WARN_OBJC_IMPLICIT_RETAIN_SELF = YES;
				CLANG_WARN_OBJC_LITERAL_CONVERSION = YES;
				CLANG_WARN_OBJC_ROOT_CLASS = YES_ERROR;
				CLANG_WARN_QUOTED_INCLUDE_IN_FRAMEWORK_HEADER = YES;
				CLANG_WARN_RANGE_LOOP_ANALYSIS = YES;
				CLANG_WARN_STRICT_PROTOTYPES = YES;
				CLANG_WARN_SUSPICIOUS_MOVE = YES;
				CLANG_WARN_UNGUARDED_AVAILABILITY = YES_AGGRESSIVE;
				CLANG_WARN_UNREACHABLE_CODE = YES;
				CLANG_WARN__DUPLICATE_METHOD_MATCH = YES;
				COPY_PHASE_STRIP = NO;
				DEBUG_INFORMATION_FORMAT = dwarf;
				ENABLE_STRICT_OBJC_MSGSEND = YES;
				ENABLE_TESTABILITY = YES;
				ENABLE_USER_SCRIPT_SANDBOXING = YES;
				GCC_C_LANGUAGE_STANDARD = gnu17;
				GCC_DYNAMIC_NO_PIC = NO;
				GCC_NO_COMMON_BLOCKS = YES;
				GCC_OPTIMIZATION_LEVEL = 0;
				GCC_PREPROCESSOR_DEFINITIONS = (
					"DEBUG=1",
					"$(inherited)",
				);
				GCC_WARN_64_TO_32_BIT_CONVERSION = YES;
				GCC_WARN_ABOUT_RETURN_TYPE = YES_ERROR;
				GCC_WARN_UNDECLARED_SELECTOR = YES;
				GCC_WARN_UNINITIALIZED_AUTOS = YES_AGGRESSIVE;
				GCC_WARN_UNUSED_FUNCTION = YES;
				GCC_WARN_UNUSED_VARIABLE = YES;
				IPHONEOS_DEPLOYMENT_TARGET = 17.2;
				LOCALIZATION_PREFERS_STRING_CATALOGS = YES;
				MTL_ENABLE_DEBUG_INFO = INCLUDE_SOURCE;
				MTL_FAST_MATH = YES;
				ONLY_ACTIVE_ARCH = YES;
				SDKROOT = iphoneos;
				SWIFT_ACTIVE_COMPILATION_CONDITIONS = "DEBUG $(inherited)";
				SWIFT_OPTIMIZATION_LEVEL = "-Onone";
			};
			name = Debug;
		};
		63C1FF182BB9470C007F6FCA /* Release */ = {
			isa = XCBuildConfiguration;
			buildSettings = {
				ALWAYS_SEARCH_USER_PATHS = NO;
				ASSETCATALOG_COMPILER_GENERATE_SWIFT_ASSET_SYMBOL_EXTENSIONS = YES;
				CLANG_ANALYZER_NONNULL = YES;
				CLANG_ANALYZER_NUMBER_OBJECT_CONVERSION = YES_AGGRESSIVE;
				CLANG_CXX_LANGUAGE_STANDARD = "gnu++20";
				CLANG_ENABLE_MODULES = YES;
				CLANG_ENABLE_OBJC_ARC = YES;
				CLANG_ENABLE_OBJC_WEAK = YES;
				CLANG_WARN_BLOCK_CAPTURE_AUTORELEASING = YES;
				CLANG_WARN_BOOL_CONVERSION = YES;
				CLANG_WARN_COMMA = YES;
				CLANG_WARN_CONSTANT_CONVERSION = YES;
				CLANG_WARN_DEPRECATED_OBJC_IMPLEMENTATIONS = YES;
				CLANG_WARN_DIRECT_OBJC_ISA_USAGE = YES_ERROR;
				CLANG_WARN_DOCUMENTATION_COMMENTS = YES;
				CLANG_WARN_EMPTY_BODY = YES;
				CLANG_WARN_ENUM_CONVERSION = YES;
				CLANG_WARN_INFINITE_RECURSION = YES;
				CLANG_WARN_INT_CONVERSION = YES;
				CLANG_WARN_NON_LITERAL_NULL_CONVERSION = YES;
				CLANG_WARN_OBJC_IMPLICIT_RETAIN_SELF = YES;
				CLANG_WARN_OBJC_LITERAL_CONVERSION = YES;
				CLANG_WARN_OBJC_ROOT_CLASS = YES_ERROR;
				CLANG_WARN_QUOTED_INCLUDE_IN_FRAMEWORK_HEADER = YES;
				CLANG_WARN_RANGE_LOOP_ANALYSIS = YES;
				CLANG_WARN_STRICT_PROTOTYPES = YES;
				CLANG_WARN_SUSPICIOUS_MOVE = YES;
				CLANG_WARN_UNGUARDED_AVAILABILITY = YES_AGGRESSIVE;
				CLANG_WARN_UNREACHABLE_CODE = YES;
				CLANG_WARN__DUPLICATE_METHOD_MATCH = YES;
				COPY_PHASE_STRIP = NO;
				DEBUG_INFORMATION_FORMAT = "dwarf-with-dsym";
				ENABLE_NS_ASSERTIONS = NO;
				ENABLE_STRICT_OBJC_MSGSEND = YES;
				ENABLE_USER_SCRIPT_SANDBOXING = YES;
				GCC_C_LANGUAGE_STANDARD = gnu17;
				GCC_NO_COMMON_BLOCKS = YES;
				GCC_WARN_64_TO_32_BIT_CONVERSION = YES;
				GCC_WARN_ABOUT_RETURN_TYPE = YES_ERROR;
				GCC_WARN_UNDECLARED_SELECTOR = YES;
				GCC_WARN_UNINITIALIZED_AUTOS = YES_AGGRESSIVE;
				GCC_WARN_UNUSED_FUNCTION = YES;
				GCC_WARN_UNUSED_VARIABLE = YES;
				IPHONEOS_DEPLOYMENT_TARGET = 17.2;
				LOCALIZATION_PREFERS_STRING_CATALOGS = YES;
				MTL_ENABLE_DEBUG_INFO = NO;
				MTL_FAST_MATH = YES;
				SDKROOT = iphoneos;
				SWIFT_COMPILATION_MODE = wholemodule;
				VALIDATE_PRODUCT = YES;
			};
			name = Release;
		};
		63C1FF1A2BB9470C007F6FCA /* Debug */ = {
			isa = XCBuildConfiguration;
			buildSettings = {
				ASSETCATALOG_COMPILER_APPICON_NAME = AppIcon;
				ASSETCATALOG_COMPILER_GLOBAL_ACCENT_COLOR_NAME = AccentColor;
				CODE_SIGN_STYLE = Automatic;
				CURRENT_PROJECT_VERSION = 1;
				DEVELOPMENT_ASSET_PATHS = "\"Trabell_Mini Project 1/Preview Content\"";
				ENABLE_PREVIEWS = YES;
				GENERATE_INFOPLIST_FILE = YES;
				INFOPLIST_FILE = "Trabell-Mini-Project-1-Info.plist";
				INFOPLIST_KEY_NSLocationAlwaysAndWhenInUseUsageDescription = "We need your location to provide you with relevant information.";
				INFOPLIST_KEY_NSLocationUsageDescription = Location;
				INFOPLIST_KEY_NSLocationWhenInUseUsageDescription = Location;
				INFOPLIST_KEY_UIApplicationSceneManifest_Generation = YES;
				INFOPLIST_KEY_UIApplicationSupportsIndirectInputEvents = YES;
				INFOPLIST_KEY_UILaunchScreen_Generation = YES;
				INFOPLIST_KEY_UISupportedInterfaceOrientations_iPad = "UIInterfaceOrientationPortrait UIInterfaceOrientationPortraitUpsideDown UIInterfaceOrientationLandscapeLeft UIInterfaceOrientationLandscapeRight";
				INFOPLIST_KEY_UISupportedInterfaceOrientations_iPhone = "UIInterfaceOrientationPortrait UIInterfaceOrientationLandscapeLeft UIInterfaceOrientationLandscapeRight";
				LD_RUNPATH_SEARCH_PATHS = (
					"$(inherited)",
					"@executable_path/Frameworks",
				);
				MARKETING_VERSION = 1.0;
				PRODUCT_BUNDLE_IDENTIFIER = "com.example.apple-samplecode.Trabell-Mini-Project-1";
				PRODUCT_NAME = "$(TARGET_NAME)";
				SWIFT_EMIT_LOC_STRINGS = YES;
				SWIFT_VERSION = 5.0;
				TARGETED_DEVICE_FAMILY = "1,2";
			};
			name = Debug;
		};
		63C1FF1B2BB9470C007F6FCA /* Release */ = {
			isa = XCBuildConfiguration;
			buildSettings = {
				ASSETCATALOG_COMPILER_APPICON_NAME = AppIcon;
				ASSETCATALOG_COMPILER_GLOBAL_ACCENT_COLOR_NAME = AccentColor;
				CODE_SIGN_STYLE = Automatic;
				CURRENT_PROJECT_VERSION = 1;
				DEVELOPMENT_ASSET_PATHS = "\"Trabell_Mini Project 1/Preview Content\"";
				ENABLE_PREVIEWS = YES;
				GENERATE_INFOPLIST_FILE = YES;
				INFOPLIST_FILE = "Trabell-Mini-Project-1-Info.plist";
				INFOPLIST_KEY_NSLocationAlwaysAndWhenInUseUsageDescription = "We need your location to provide you with relevant information.";
				INFOPLIST_KEY_NSLocationUsageDescription = Location;
				INFOPLIST_KEY_NSLocationWhenInUseUsageDescription = Location;
				INFOPLIST_KEY_UIApplicationSceneManifest_Generation = YES;
				INFOPLIST_KEY_UIApplicationSupportsIndirectInputEvents = YES;
				INFOPLIST_KEY_UILaunchScreen_Generation = YES;
				INFOPLIST_KEY_UISupportedInterfaceOrientations_iPad = "UIInterfaceOrientationPortrait UIInterfaceOrientationPortraitUpsideDown UIInterfaceOrientationLandscapeLeft UIInterfaceOrientationLandscapeRight";
				INFOPLIST_KEY_UISupportedInterfaceOrientations_iPhone = "UIInterfaceOrientationPortrait UIInterfaceOrientationLandscapeLeft UIInterfaceOrientationLandscapeRight";
				LD_RUNPATH_SEARCH_PATHS = (
					"$(inherited)",
					"@executable_path/Frameworks",
				);
				MARKETING_VERSION = 1.0;
				PRODUCT_BUNDLE_IDENTIFIER = "com.example.apple-samplecode.Trabell-Mini-Project-1";
				PRODUCT_NAME = "$(TARGET_NAME)";
				SWIFT_EMIT_LOC_STRINGS = YES;
				SWIFT_VERSION = 5.0;
				TARGETED_DEVICE_FAMILY = "1,2";
			};
			name = Release;
		};
		63C1FF1D2BB9470C007F6FCA /* Debug */ = {
			isa = XCBuildConfiguration;
			buildSettings = {
				ALWAYS_EMBED_SWIFT_STANDARD_LIBRARIES = YES;
				BUNDLE_LOADER = "$(TEST_HOST)";
				CODE_SIGN_STYLE = Automatic;
				CURRENT_PROJECT_VERSION = 1;
				GENERATE_INFOPLIST_FILE = YES;
				IPHONEOS_DEPLOYMENT_TARGET = 17.2;
				MARKETING_VERSION = 1.0;
				PRODUCT_BUNDLE_IDENTIFIER = "com.example.apple-samplecode.Trabell-Mini-Project-1Tests";
				PRODUCT_NAME = "$(TARGET_NAME)";
				SWIFT_EMIT_LOC_STRINGS = NO;
				SWIFT_VERSION = 5.0;
				TARGETED_DEVICE_FAMILY = "1,2";
				TEST_HOST = "$(BUILT_PRODUCTS_DIR)/Trabell_Mini Project 1.app/$(BUNDLE_EXECUTABLE_FOLDER_PATH)/Trabell_Mini Project 1";
			};
			name = Debug;
		};
		63C1FF1E2BB9470C007F6FCA /* Release */ = {
			isa = XCBuildConfiguration;
			buildSettings = {
				ALWAYS_EMBED_SWIFT_STANDARD_LIBRARIES = YES;
				BUNDLE_LOADER = "$(TEST_HOST)";
				CODE_SIGN_STYLE = Automatic;
				CURRENT_PROJECT_VERSION = 1;
				GENERATE_INFOPLIST_FILE = YES;
				IPHONEOS_DEPLOYMENT_TARGET = 17.2;
				MARKETING_VERSION = 1.0;
				PRODUCT_BUNDLE_IDENTIFIER = "com.example.apple-samplecode.Trabell-Mini-Project-1Tests";
				PRODUCT_NAME = "$(TARGET_NAME)";
				SWIFT_EMIT_LOC_STRINGS = NO;
				SWIFT_VERSION = 5.0;
				TARGETED_DEVICE_FAMILY = "1,2";
				TEST_HOST = "$(BUILT_PRODUCTS_DIR)/Trabell_Mini Project 1.app/$(BUNDLE_EXECUTABLE_FOLDER_PATH)/Trabell_Mini Project 1";
			};
			name = Release;
		};
		63C1FF202BB9470C007F6FCA /* Debug */ = {
			isa = XCBuildConfiguration;
			buildSettings = {
				ALWAYS_EMBED_SWIFT_STANDARD_LIBRARIES = YES;
				CODE_SIGN_STYLE = Automatic;
				CURRENT_PROJECT_VERSION = 1;
				GENERATE_INFOPLIST_FILE = YES;
				MARKETING_VERSION = 1.0;
				PRODUCT_BUNDLE_IDENTIFIER = "com.example.apple-samplecode.Trabell-Mini-Project-1UITests";
				PRODUCT_NAME = "$(TARGET_NAME)";
				SWIFT_EMIT_LOC_STRINGS = NO;
				SWIFT_VERSION = 5.0;
				TARGETED_DEVICE_FAMILY = "1,2";
				TEST_TARGET_NAME = "Trabell_Mini Project 1";
			};
			name = Debug;
		};
		63C1FF212BB9470C007F6FCA /* Release */ = {
			isa = XCBuildConfiguration;
			buildSettings = {
				ALWAYS_EMBED_SWIFT_STANDARD_LIBRARIES = YES;
				CODE_SIGN_STYLE = Automatic;
				CURRENT_PROJECT_VERSION = 1;
				GENERATE_INFOPLIST_FILE = YES;
				MARKETING_VERSION = 1.0;
				PRODUCT_BUNDLE_IDENTIFIER = "com.example.apple-samplecode.Trabell-Mini-Project-1UITests";
				PRODUCT_NAME = "$(TARGET_NAME)";
				SWIFT_EMIT_LOC_STRINGS = NO;
				SWIFT_VERSION = 5.0;
				TARGETED_DEVICE_FAMILY = "1,2";
				TEST_TARGET_NAME = "Trabell_Mini Project 1";
			};
			name = Release;
		};
/* End XCBuildConfiguration section */

/* Begin XCConfigurationList section */
		63C1FEEE2BB9470B007F6FCA /* Build configuration list for PBXProject "Trabell_Mini Project 1" */ = {
			isa = XCConfigurationList;
			buildConfigurations = (
				63C1FF172BB9470C007F6FCA /* Debug */,
				63C1FF182BB9470C007F6FCA /* Release */,
			);
			defaultConfigurationIsVisible = 0;
			defaultConfigurationName = Release;
		};
		63C1FF192BB9470C007F6FCA /* Build configuration list for PBXNativeTarget "Trabell_Mini Project 1" */ = {
			isa = XCConfigurationList;
			buildConfigurations = (
				63C1FF1A2BB9470C007F6FCA /* Debug */,
				63C1FF1B2BB9470C007F6FCA /* Release */,
			);
			defaultConfigurationIsVisible = 0;
			defaultConfigurationName = Release;
		};
		63C1FF1C2BB9470C007F6FCA /* Build configuration list for PBXNativeTarget "Trabell_Mini Project 1Tests" */ = {
			isa = XCConfigurationList;
			buildConfigurations = (
				63C1FF1D2BB9470C007F6FCA /* Debug */,
				63C1FF1E2BB9470C007F6FCA /* Release */,
			);
			defaultConfigurationIsVisible = 0;
			defaultConfigurationName = Release;
		};
		63C1FF1F2BB9470C007F6FCA /* Build configuration list for PBXNativeTarget "Trabell_Mini Project 1UITests" */ = {
			isa = XCConfigurationList;
			buildConfigurations = (
				63C1FF202BB9470C007F6FCA /* Debug */,
				63C1FF212BB9470C007F6FCA /* Release */,
			);
			defaultConfigurationIsVisible = 0;
			defaultConfigurationName = Release;
		};
/* End XCConfigurationList section */

/* Begin XCRemoteSwiftPackageReference section */
		FBE54B2A2BBBBDED000724B0 /* XCRemoteSwiftPackageReference "StepperView" */ = {
			isa = XCRemoteSwiftPackageReference;
			repositoryURL = "https://github.com/badrinathvm/StepperView.git";
			requirement = {
				kind = upToNextMajorVersion;
				minimumVersion = 1.6.7;
			};
		};
/* End XCRemoteSwiftPackageReference section */

/* Begin XCSwiftPackageProductDependency section */
		FBE54B2B2BBBBDED000724B0 /* StepperView */ = {
			isa = XCSwiftPackageProductDependency;
			package = FBE54B2A2BBBBDED000724B0 /* XCRemoteSwiftPackageReference "StepperView" */;
			productName = StepperView;
		};
/* End XCSwiftPackageProductDependency section */
	};
	rootObject = 63C1FEEB2BB9470B007F6FCA /* Project object */;
}
